// !$*UTF8*$!
{
	archiveVersion = 1;
	classes = {
	};
	objectVersion = 50;
	objects = {

/* Begin PBXBuildFile section */
		0628D950EABAA07E0B48AFAC /* Pods_pick_up_tutoring.framework in Frameworks */ = {isa = PBXBuildFile; fileRef = A83BABC792528DC94EFBBE9A /* Pods_pick_up_tutoring.framework */; };
		18606236219D9D71007F0E49 /* ProfileEditViewController.swift in Sources */ = {isa = PBXBuildFile; fileRef = 18606235219D9D71007F0E49 /* ProfileEditViewController.swift */; };
		18606238219D9E68007F0E49 /* TuteeListViewController.swift in Sources */ = {isa = PBXBuildFile; fileRef = 18606237219D9E68007F0E49 /* TuteeListViewController.swift */; };
		1860623A219DA157007F0E49 /* TutorListViewController.swift in Sources */ = {isa = PBXBuildFile; fileRef = 18606239219DA157007F0E49 /* TutorListViewController.swift */; };
		1860623C219DA456007F0E49 /* NewPostViewController.swift in Sources */ = {isa = PBXBuildFile; fileRef = 1860623B219DA456007F0E49 /* NewPostViewController.swift */; };
		1860623E219DA68D007F0E49 /* TuteeListCellTableViewCell.swift in Sources */ = {isa = PBXBuildFile; fileRef = 1860623D219DA68D007F0E49 /* TuteeListCellTableViewCell.swift */; };
		18606240219DA92B007F0E49 /* TutorListCell.swift in Sources */ = {isa = PBXBuildFile; fileRef = 1860623F219DA92B007F0E49 /* TutorListCell.swift */; };
		709D12DC219D137400204932 /* LaunchScreen.storyboard in Resources */ = {isa = PBXBuildFile; fileRef = 709D12DA219D137300204932 /* LaunchScreen.storyboard */; };
		709D12DD219D137400204932 /* Main.storyboard in Resources */ = {isa = PBXBuildFile; fileRef = 709D12DB219D137400204932 /* Main.storyboard */; };
		709D12DF219D157700204932 /* GoogleService-Info.plist in Resources */ = {isa = PBXBuildFile; fileRef = 709D12DE219D157700204932 /* GoogleService-Info.plist */; };
		709D841B2193E0B500F7AE72 /* AppDelegate.swift in Sources */ = {isa = PBXBuildFile; fileRef = 709D841A2193E0B500F7AE72 /* AppDelegate.swift */; };
		709D84222193E0B600F7AE72 /* Assets.xcassets in Resources */ = {isa = PBXBuildFile; fileRef = 709D84212193E0B600F7AE72 /* Assets.xcassets */; };
		70C661F4219CDDBB004EC13C /* Student.swift in Sources */ = {isa = PBXBuildFile; fileRef = 70C661F3219CDDBB004EC13C /* Student.swift */; };
		70C661F6219CDDCC004EC13C /* Tutor.swift in Sources */ = {isa = PBXBuildFile; fileRef = 70C661F5219CDDCC004EC13C /* Tutor.swift */; };
		70C661F8219CDE66004EC13C /* Profile.swift in Sources */ = {isa = PBXBuildFile; fileRef = 70C661F7219CDE66004EC13C /* Profile.swift */; };
		767052A6219D622F00E984FC /* LoginViewController.swift in Sources */ = {isa = PBXBuildFile; fileRef = 767052A5219D622F00E984FC /* LoginViewController.swift */; };
		767052A8219D639A00E984FC /* SignUpViewController.swift in Sources */ = {isa = PBXBuildFile; fileRef = 767052A7219D639A00E984FC /* SignUpViewController.swift */; };
		767052AA219D657700E984FC /* ProfileViewController.swift in Sources */ = {isa = PBXBuildFile; fileRef = 767052A9219D657700E984FC /* ProfileViewController.swift */; };
		767052AC219D676D00E984FC /* NewRequestViewController.swift in Sources */ = {isa = PBXBuildFile; fileRef = 767052AB219D676D00E984FC /* NewRequestViewController.swift */; };
/* End PBXBuildFile section */

/* Begin PBXFileReference section */
		18606235219D9D71007F0E49 /* ProfileEditViewController.swift */ = {isa = PBXFileReference; lastKnownFileType = sourcecode.swift; path = ProfileEditViewController.swift; sourceTree = "<group>"; };
		18606237219D9E68007F0E49 /* TuteeListViewController.swift */ = {isa = PBXFileReference; lastKnownFileType = sourcecode.swift; path = TuteeListViewController.swift; sourceTree = "<group>"; };
		18606239219DA157007F0E49 /* TutorListViewController.swift */ = {isa = PBXFileReference; lastKnownFileType = sourcecode.swift; path = TutorListViewController.swift; sourceTree = "<group>"; };
		1860623B219DA456007F0E49 /* NewPostViewController.swift */ = {isa = PBXFileReference; lastKnownFileType = sourcecode.swift; path = NewPostViewController.swift; sourceTree = "<group>"; };
		1860623D219DA68D007F0E49 /* TuteeListCellTableViewCell.swift */ = {isa = PBXFileReference; lastKnownFileType = sourcecode.swift; path = TuteeListCellTableViewCell.swift; sourceTree = "<group>"; };
		1860623F219DA92B007F0E49 /* TutorListCell.swift */ = {isa = PBXFileReference; lastKnownFileType = sourcecode.swift; path = TutorListCell.swift; sourceTree = "<group>"; };
		709D12DA219D137300204932 /* LaunchScreen.storyboard */ = {isa = PBXFileReference; fileEncoding = 4; lastKnownFileType = file.storyboard; path = LaunchScreen.storyboard; sourceTree = "<group>"; };
		709D12DB219D137400204932 /* Main.storyboard */ = {isa = PBXFileReference; fileEncoding = 4; lastKnownFileType = file.storyboard; path = Main.storyboard; sourceTree = "<group>"; };
		709D12DE219D157700204932 /* GoogleService-Info.plist */ = {isa = PBXFileReference; fileEncoding = 4; lastKnownFileType = text.plist.xml; path = "GoogleService-Info.plist"; sourceTree = "<group>"; };
		709D84172193E0B500F7AE72 /* pick-up-tutoring.app */ = {isa = PBXFileReference; explicitFileType = wrapper.application; includeInIndex = 0; path = "pick-up-tutoring.app"; sourceTree = BUILT_PRODUCTS_DIR; };
		709D841A2193E0B500F7AE72 /* AppDelegate.swift */ = {isa = PBXFileReference; lastKnownFileType = sourcecode.swift; path = AppDelegate.swift; sourceTree = "<group>"; };
		709D84212193E0B600F7AE72 /* Assets.xcassets */ = {isa = PBXFileReference; lastKnownFileType = folder.assetcatalog; path = Assets.xcassets; sourceTree = "<group>"; };
		709D84262193E0B600F7AE72 /* Info.plist */ = {isa = PBXFileReference; lastKnownFileType = text.plist.xml; path = Info.plist; sourceTree = "<group>"; };
		70C661F3219CDDBB004EC13C /* Student.swift */ = {isa = PBXFileReference; lastKnownFileType = sourcecode.swift; path = Student.swift; sourceTree = "<group>"; };
		70C661F5219CDDCC004EC13C /* Tutor.swift */ = {isa = PBXFileReference; lastKnownFileType = sourcecode.swift; path = Tutor.swift; sourceTree = "<group>"; };
		70C661F7219CDE66004EC13C /* Profile.swift */ = {isa = PBXFileReference; lastKnownFileType = sourcecode.swift; path = Profile.swift; sourceTree = "<group>"; };
		767052A5219D622F00E984FC /* LoginViewController.swift */ = {isa = PBXFileReference; lastKnownFileType = sourcecode.swift; path = LoginViewController.swift; sourceTree = "<group>"; };
		767052A7219D639A00E984FC /* SignUpViewController.swift */ = {isa = PBXFileReference; lastKnownFileType = sourcecode.swift; path = SignUpViewController.swift; sourceTree = "<group>"; };
		767052A9219D657700E984FC /* ProfileViewController.swift */ = {isa = PBXFileReference; lastKnownFileType = sourcecode.swift; path = ProfileViewController.swift; sourceTree = "<group>"; };
		767052AB219D676D00E984FC /* NewRequestViewController.swift */ = {isa = PBXFileReference; lastKnownFileType = sourcecode.swift; path = NewRequestViewController.swift; sourceTree = "<group>"; };
		A83BABC792528DC94EFBBE9A /* Pods_pick_up_tutoring.framework */ = {isa = PBXFileReference; explicitFileType = wrapper.framework; includeInIndex = 0; path = Pods_pick_up_tutoring.framework; sourceTree = BUILT_PRODUCTS_DIR; };
		C269381F4EE220A2C5055B7F /* Pods-pick-up-tutoring.debug.xcconfig */ = {isa = PBXFileReference; includeInIndex = 1; lastKnownFileType = text.xcconfig; name = "Pods-pick-up-tutoring.debug.xcconfig"; path = "Pods/Target Support Files/Pods-pick-up-tutoring/Pods-pick-up-tutoring.debug.xcconfig"; sourceTree = "<group>"; };
		DB5AE87DC30040D87C4BA506 /* Pods-pick-up-tutoring.release.xcconfig */ = {isa = PBXFileReference; includeInIndex = 1; lastKnownFileType = text.xcconfig; name = "Pods-pick-up-tutoring.release.xcconfig"; path = "Pods/Target Support Files/Pods-pick-up-tutoring/Pods-pick-up-tutoring.release.xcconfig"; sourceTree = "<group>"; };
/* End PBXFileReference section */

/* Begin PBXFrameworksBuildPhase section */
		709D84142193E0B500F7AE72 /* Frameworks */ = {
			isa = PBXFrameworksBuildPhase;
			buildActionMask = 2147483647;
			files = (
				0628D950EABAA07E0B48AFAC /* Pods_pick_up_tutoring.framework in Frameworks */,
			);
			runOnlyForDeploymentPostprocessing = 0;
		};
/* End PBXFrameworksBuildPhase section */

/* Begin PBXGroup section */
		60FFF7EED8516CB73D50D466 /* Frameworks */ = {
			isa = PBXGroup;
			children = (
				A83BABC792528DC94EFBBE9A /* Pods_pick_up_tutoring.framework */,
			);
			name = Frameworks;
			sourceTree = "<group>";
		};
		709D840E2193E0B500F7AE72 = {
			isa = PBXGroup;
			children = (
				709D84192193E0B500F7AE72 /* pick-up-tutoring */,
				709D84182193E0B500F7AE72 /* Products */,
				A6859E7651ECB1A4F62C4FBA /* Pods */,
				60FFF7EED8516CB73D50D466 /* Frameworks */,
			);
			sourceTree = "<group>";
		};
		709D84182193E0B500F7AE72 /* Products */ = {
			isa = PBXGroup;
			children = (
				709D84172193E0B500F7AE72 /* pick-up-tutoring.app */,
			);
			name = Products;
			sourceTree = "<group>";
		};
		709D84192193E0B500F7AE72 /* pick-up-tutoring */ = {
			isa = PBXGroup;
			children = (
				709D12DA219D137300204932 /* LaunchScreen.storyboard */,
				709D12DB219D137400204932 /* Main.storyboard */,
				70C661F2219CDD0E004EC13C /* Controller */,
				70C661F1219CDD06004EC13C /* View */,
				70C661EF219CDCED004EC13C /* Model */,
				709D841A2193E0B500F7AE72 /* AppDelegate.swift */,
				709D84212193E0B600F7AE72 /* Assets.xcassets */,
				709D12DE219D157700204932 /* GoogleService-Info.plist */,
				709D84262193E0B600F7AE72 /* Info.plist */,
			);
			path = "pick-up-tutoring";
			sourceTree = "<group>";
		};
		70C661EF219CDCED004EC13C /* Model */ = {
			isa = PBXGroup;
			children = (
				70C661F3219CDDBB004EC13C /* Student.swift */,
				70C661F5219CDDCC004EC13C /* Tutor.swift */,
				70C661F7219CDE66004EC13C /* Profile.swift */,
			);
			path = Model;
			sourceTree = "<group>";
		};
		70C661F1219CDD06004EC13C /* View */ = {
			isa = PBXGroup;
			children = (
			);
			path = View;
			sourceTree = "<group>";
		};
		70C661F2219CDD0E004EC13C /* Controller */ = {
			isa = PBXGroup;
			children = (
				767052AB219D676D00E984FC /* NewRequestViewController.swift */,
				767052A9219D657700E984FC /* ProfileViewController.swift */,
				767052A7219D639A00E984FC /* SignUpViewController.swift */,
				18606239219DA157007F0E49 /* TutorListViewController.swift */,
				18606237219D9E68007F0E49 /* TuteeListViewController.swift */,
				1860623F219DA92B007F0E49 /* TutorListCell.swift */,
				1860623B219DA456007F0E49 /* NewPostViewController.swift */,
				1860623D219DA68D007F0E49 /* TuteeListCellTableViewCell.swift */,
				18606235219D9D71007F0E49 /* ProfileEditViewController.swift */,
				767052A5219D622F00E984FC /* LoginViewController.swift */,
			);
			path = Controller;
			sourceTree = "<group>";
		};
		A6859E7651ECB1A4F62C4FBA /* Pods */ = {
			isa = PBXGroup;
			children = (
				C269381F4EE220A2C5055B7F /* Pods-pick-up-tutoring.debug.xcconfig */,
				DB5AE87DC30040D87C4BA506 /* Pods-pick-up-tutoring.release.xcconfig */,
			);
			name = Pods;
			sourceTree = "<group>";
		};
/* End PBXGroup section */

/* Begin PBXNativeTarget section */
		709D84162193E0B500F7AE72 /* pick-up-tutoring */ = {
			isa = PBXNativeTarget;
			buildConfigurationList = 709D84292193E0B600F7AE72 /* Build configuration list for PBXNativeTarget "pick-up-tutoring" */;
			buildPhases = (
				896EF6C5F5BA3FCB5B31761E /* [CP] Check Pods Manifest.lock */,
				709D84132193E0B500F7AE72 /* Sources */,
				709D84142193E0B500F7AE72 /* Frameworks */,
				709D84152193E0B500F7AE72 /* Resources */,
				EA4196810B42221082B9F9C9 /* [CP] Embed Pods Frameworks */,
			);
			buildRules = (
			);
			dependencies = (
			);
			name = "pick-up-tutoring";
			productName = "pick-up-tutoring";
			productReference = 709D84172193E0B500F7AE72 /* pick-up-tutoring.app */;
			productType = "com.apple.product-type.application";
		};
/* End PBXNativeTarget section */

/* Begin PBXProject section */
		709D840F2193E0B500F7AE72 /* Project object */ = {
			isa = PBXProject;
			attributes = {
				LastSwiftUpdateCheck = 1010;
				LastUpgradeCheck = 1010;
				ORGANIZATIONNAME = "Lily Bhattacharjee";
				TargetAttributes = {
					709D84162193E0B500F7AE72 = {
						CreatedOnToolsVersion = 10.1;
					};
				};
			};
			buildConfigurationList = 709D84122193E0B500F7AE72 /* Build configuration list for PBXProject "pick-up-tutoring" */;
			compatibilityVersion = "Xcode 9.3";
			developmentRegion = en;
			hasScannedForEncodings = 0;
			knownRegions = (
				en,
				Base,
			);
			mainGroup = 709D840E2193E0B500F7AE72;
			productRefGroup = 709D84182193E0B500F7AE72 /* Products */;
			projectDirPath = "";
			projectRoot = "";
			targets = (
				709D84162193E0B500F7AE72 /* pick-up-tutoring */,
			);
		};
/* End PBXProject section */

/* Begin PBXResourcesBuildPhase section */
		709D84152193E0B500F7AE72 /* Resources */ = {
			isa = PBXResourcesBuildPhase;
			buildActionMask = 2147483647;
			files = (
				709D12DD219D137400204932 /* Main.storyboard in Resources */,
				709D12DF219D157700204932 /* GoogleService-Info.plist in Resources */,
				709D84222193E0B600F7AE72 /* Assets.xcassets in Resources */,
				709D12DC219D137400204932 /* LaunchScreen.storyboard in Resources */,
			);
			runOnlyForDeploymentPostprocessing = 0;
		};
/* End PBXResourcesBuildPhase section */

/* Begin PBXShellScriptBuildPhase section */
		896EF6C5F5BA3FCB5B31761E /* [CP] Check Pods Manifest.lock */ = {
			isa = PBXShellScriptBuildPhase;
			buildActionMask = 2147483647;
			files = (
			);
			inputFileListPaths = (
			);
			inputPaths = (
				"${PODS_PODFILE_DIR_PATH}/Podfile.lock",
				"${PODS_ROOT}/Manifest.lock",
			);
			name = "[CP] Check Pods Manifest.lock";
			outputFileListPaths = (
			);
			outputPaths = (
				"$(DERIVED_FILE_DIR)/Pods-pick-up-tutoring-checkManifestLockResult.txt",
			);
			runOnlyForDeploymentPostprocessing = 0;
			shellPath = /bin/sh;
			shellScript = "diff \"${PODS_PODFILE_DIR_PATH}/Podfile.lock\" \"${PODS_ROOT}/Manifest.lock\" > /dev/null\nif [ $? != 0 ] ; then\n    # print error to STDERR\n    echo \"error: The sandbox is not in sync with the Podfile.lock. Run 'pod install' or update your CocoaPods installation.\" >&2\n    exit 1\nfi\n# This output is used by Xcode 'outputs' to avoid re-running this script phase.\necho \"SUCCESS\" > \"${SCRIPT_OUTPUT_FILE_0}\"\n";
			showEnvVarsInLog = 0;
		};
		EA4196810B42221082B9F9C9 /* [CP] Embed Pods Frameworks */ = {
			isa = PBXShellScriptBuildPhase;
			buildActionMask = 2147483647;
			files = (
			);
			inputFileListPaths = (
			);
			inputPaths = (
				"${SRCROOT}/Pods/Target Support Files/Pods-pick-up-tutoring/Pods-pick-up-tutoring-frameworks.sh",
				"${BUILT_PRODUCTS_DIR}/GTMSessionFetcher/GTMSessionFetcher.framework",
				"${BUILT_PRODUCTS_DIR}/GoogleUtilities/GoogleUtilities.framework",
				"${BUILT_PRODUCTS_DIR}/leveldb-library/leveldb.framework",
				"${BUILT_PRODUCTS_DIR}/nanopb/nanopb.framework",
			);
			name = "[CP] Embed Pods Frameworks";
			outputFileListPaths = (
			);
			outputPaths = (
				"${TARGET_BUILD_DIR}/${FRAMEWORKS_FOLDER_PATH}/GTMSessionFetcher.framework",
				"${TARGET_BUILD_DIR}/${FRAMEWORKS_FOLDER_PATH}/GoogleUtilities.framework",
				"${TARGET_BUILD_DIR}/${FRAMEWORKS_FOLDER_PATH}/leveldb.framework",
				"${TARGET_BUILD_DIR}/${FRAMEWORKS_FOLDER_PATH}/nanopb.framework",
			);
			runOnlyForDeploymentPostprocessing = 0;
			shellPath = /bin/sh;
			shellScript = "\"${SRCROOT}/Pods/Target Support Files/Pods-pick-up-tutoring/Pods-pick-up-tutoring-frameworks.sh\"\n";
			showEnvVarsInLog = 0;
		};
/* End PBXShellScriptBuildPhase section */

/* Begin PBXSourcesBuildPhase section */
		709D84132193E0B500F7AE72 /* Sources */ = {
			isa = PBXSourcesBuildPhase;
			buildActionMask = 2147483647;
			files = (
				767052A8219D639A00E984FC /* SignUpViewController.swift in Sources */,
				18606236219D9D71007F0E49 /* ProfileEditViewController.swift in Sources */,
				18606240219DA92B007F0E49 /* TutorListCell.swift in Sources */,
				1860623E219DA68D007F0E49 /* TuteeListCellTableViewCell.swift in Sources */,
				70C661F8219CDE66004EC13C /* Profile.swift in Sources */,
				70C661F4219CDDBB004EC13C /* Student.swift in Sources */,
				18606238219D9E68007F0E49 /* TuteeListViewController.swift in Sources */,
				1860623C219DA456007F0E49 /* NewPostViewController.swift in Sources */,
				1860623A219DA157007F0E49 /* TutorListViewController.swift in Sources */,
				767052AC219D676D00E984FC /* NewRequestViewController.swift in Sources */,
				70C661F6219CDDCC004EC13C /* Tutor.swift in Sources */,
				767052AA219D657700E984FC /* ProfileViewController.swift in Sources */,
				767052A6219D622F00E984FC /* LoginViewController.swift in Sources */,
				709D841B2193E0B500F7AE72 /* AppDelegate.swift in Sources */,
			);
			runOnlyForDeploymentPostprocessing = 0;
		};
/* End PBXSourcesBuildPhase section */

/* Begin XCBuildConfiguration section */
		709D84272193E0B600F7AE72 /* Debug */ = {
			isa = XCBuildConfiguration;
			buildSettings = {
				ALWAYS_SEARCH_USER_PATHS = NO;
				CLANG_ANALYZER_NONNULL = YES;
				CLANG_ANALYZER_NUMBER_OBJECT_CONVERSION = YES_AGGRESSIVE;
				CLANG_CXX_LANGUAGE_STANDARD = "gnu++14";
				CLANG_CXX_LIBRARY = "libc++";
				CLANG_ENABLE_MODULES = YES;
				CLANG_ENABLE_OBJC_ARC = YES;
				CLANG_ENABLE_OBJC_WEAK = YES;
				CLANG_WARN_BLOCK_CAPTURE_AUTORELEASING = YES;
				CLANG_WARN_BOOL_CONVERSION = YES;
				CLANG_WARN_COMMA = YES;
				CLANG_WARN_CONSTANT_CONVERSION = YES;
				CLANG_WARN_DEPRECATED_OBJC_IMPLEMENTATIONS = YES;
				CLANG_WARN_DIRECT_OBJC_ISA_USAGE = YES_ERROR;
				CLANG_WARN_DOCUMENTATION_COMMENTS = YES;
				CLANG_WARN_EMPTY_BODY = YES;
				CLANG_WARN_ENUM_CONVERSION = YES;
				CLANG_WARN_INFINITE_RECURSION = YES;
				CLANG_WARN_INT_CONVERSION = YES;
				CLANG_WARN_NON_LITERAL_NULL_CONVERSION = YES;
				CLANG_WARN_OBJC_IMPLICIT_RETAIN_SELF = YES;
				CLANG_WARN_OBJC_LITERAL_CONVERSION = YES;
				CLANG_WARN_OBJC_ROOT_CLASS = YES_ERROR;
				CLANG_WARN_RANGE_LOOP_ANALYSIS = YES;
				CLANG_WARN_STRICT_PROTOTYPES = YES;
				CLANG_WARN_SUSPICIOUS_MOVE = YES;
				CLANG_WARN_UNGUARDED_AVAILABILITY = YES_AGGRESSIVE;
				CLANG_WARN_UNREACHABLE_CODE = YES;
				CLANG_WARN__DUPLICATE_METHOD_MATCH = YES;
				CODE_SIGN_IDENTITY = "iPhone Developer";
				COPY_PHASE_STRIP = NO;
				DEBUG_INFORMATION_FORMAT = dwarf;
				ENABLE_STRICT_OBJC_MSGSEND = YES;
				ENABLE_TESTABILITY = YES;
				GCC_C_LANGUAGE_STANDARD = gnu11;
				GCC_DYNAMIC_NO_PIC = NO;
				GCC_NO_COMMON_BLOCKS = YES;
				GCC_OPTIMIZATION_LEVEL = 0;
				GCC_PREPROCESSOR_DEFINITIONS = (
					"DEBUG=1",
					"$(inherited)",
				);
				GCC_WARN_64_TO_32_BIT_CONVERSION = YES;
				GCC_WARN_ABOUT_RETURN_TYPE = YES_ERROR;
				GCC_WARN_UNDECLARED_SELECTOR = YES;
				GCC_WARN_UNINITIALIZED_AUTOS = YES_AGGRESSIVE;
				GCC_WARN_UNUSED_FUNCTION = YES;
				GCC_WARN_UNUSED_VARIABLE = YES;
				IPHONEOS_DEPLOYMENT_TARGET = 12.1;
				MTL_ENABLE_DEBUG_INFO = INCLUDE_SOURCE;
				MTL_FAST_MATH = YES;
				ONLY_ACTIVE_ARCH = YES;
				SDKROOT = iphoneos;
				SWIFT_ACTIVE_COMPILATION_CONDITIONS = DEBUG;
				SWIFT_OPTIMIZATION_LEVEL = "-Onone";
			};
			name = Debug;
		};
		709D84282193E0B600F7AE72 /* Release */ = {
			isa = XCBuildConfiguration;
			buildSettings = {
				ALWAYS_SEARCH_USER_PATHS = NO;
				CLANG_ANALYZER_NONNULL = YES;
				CLANG_ANALYZER_NUMBER_OBJECT_CONVERSION = YES_AGGRESSIVE;
				CLANG_CXX_LANGUAGE_STANDARD = "gnu++14";
				CLANG_CXX_LIBRARY = "libc++";
				CLANG_ENABLE_MODULES = YES;
				CLANG_ENABLE_OBJC_ARC = YES;
				CLANG_ENABLE_OBJC_WEAK = YES;
				CLANG_WARN_BLOCK_CAPTURE_AUTORELEASING = YES;
				CLANG_WARN_BOOL_CONVERSION = YES;
				CLANG_WARN_COMMA = YES;
				CLANG_WARN_CONSTANT_CONVERSION = YES;
				CLANG_WARN_DEPRECATED_OBJC_IMPLEMENTATIONS = YES;
				CLANG_WARN_DIRECT_OBJC_ISA_USAGE = YES_ERROR;
				CLANG_WARN_DOCUMENTATION_COMMENTS = YES;
				CLANG_WARN_EMPTY_BODY = YES;
				CLANG_WARN_ENUM_CONVERSION = YES;
				CLANG_WARN_INFINITE_RECURSION = YES;
				CLANG_WARN_INT_CONVERSION = YES;
				CLANG_WARN_NON_LITERAL_NULL_CONVERSION = YES;
				CLANG_WARN_OBJC_IMPLICIT_RETAIN_SELF = YES;
				CLANG_WARN_OBJC_LITERAL_CONVERSION = YES;
				CLANG_WARN_OBJC_ROOT_CLASS = YES_ERROR;
				CLANG_WARN_RANGE_LOOP_ANALYSIS = YES;
				CLANG_WARN_STRICT_PROTOTYPES = YES;
				CLANG_WARN_SUSPICIOUS_MOVE = YES;
				CLANG_WARN_UNGUARDED_AVAILABILITY = YES_AGGRESSIVE;
				CLANG_WARN_UNREACHABLE_CODE = YES;
				CLANG_WARN__DUPLICATE_METHOD_MATCH = YES;
				CODE_SIGN_IDENTITY = "iPhone Developer";
				COPY_PHASE_STRIP = NO;
				DEBUG_INFORMATION_FORMAT = "dwarf-with-dsym";
				ENABLE_NS_ASSERTIONS = NO;
				ENABLE_STRICT_OBJC_MSGSEND = YES;
				GCC_C_LANGUAGE_STANDARD = gnu11;
				GCC_NO_COMMON_BLOCKS = YES;
				GCC_WARN_64_TO_32_BIT_CONVERSION = YES;
				GCC_WARN_ABOUT_RETURN_TYPE = YES_ERROR;
				GCC_WARN_UNDECLARED_SELECTOR = YES;
				GCC_WARN_UNINITIALIZED_AUTOS = YES_AGGRESSIVE;
				GCC_WARN_UNUSED_FUNCTION = YES;
				GCC_WARN_UNUSED_VARIABLE = YES;
				IPHONEOS_DEPLOYMENT_TARGET = 12.1;
				MTL_ENABLE_DEBUG_INFO = NO;
				MTL_FAST_MATH = YES;
				SDKROOT = iphoneos;
				SWIFT_COMPILATION_MODE = wholemodule;
				SWIFT_OPTIMIZATION_LEVEL = "-O";
				VALIDATE_PRODUCT = YES;
			};
			name = Release;
		};
		709D842A2193E0B600F7AE72 /* Debug */ = {
			isa = XCBuildConfiguration;
			baseConfigurationReference = C269381F4EE220A2C5055B7F /* Pods-pick-up-tutoring.debug.xcconfig */;
			buildSettings = {
				ASSETCATALOG_COMPILER_APPICON_NAME = AppIcon;
				CODE_SIGN_STYLE = Automatic;
				INFOPLIST_FILE = "pick-up-tutoring/Info.plist";
				LD_RUNPATH_SEARCH_PATHS = (
					"$(inherited)",
					"@executable_path/Frameworks",
				);
				PRODUCT_BUNDLE_IDENTIFIER = "side-projects.pick-up-tutoring";
				PRODUCT_NAME = "$(TARGET_NAME)";
				SWIFT_VERSION = 4.2;
				TARGETED_DEVICE_FAMILY = "1,2";
			};
			name = Debug;
		};
		709D842B2193E0B600F7AE72 /* Release */ = {
			isa = XCBuildConfiguration;
			baseConfigurationReference = DB5AE87DC30040D87C4BA506 /* Pods-pick-up-tutoring.release.xcconfig */;
			buildSettings = {
				ASSETCATALOG_COMPILER_APPICON_NAME = AppIcon;
				CODE_SIGN_STYLE = Automatic;
				INFOPLIST_FILE = "pick-up-tutoring/Info.plist";
				LD_RUNPATH_SEARCH_PATHS = (
					"$(inherited)",
					"@executable_path/Frameworks",
				);
				PRODUCT_BUNDLE_IDENTIFIER = "side-projects.pick-up-tutoring";
				PRODUCT_NAME = "$(TARGET_NAME)";
				SWIFT_VERSION = 4.2;
				TARGETED_DEVICE_FAMILY = "1,2";
			};
			name = Release;
		};
/* End XCBuildConfiguration section */

/* Begin XCConfigurationList section */
		709D84122193E0B500F7AE72 /* Build configuration list for PBXProject "pick-up-tutoring" */ = {
			isa = XCConfigurationList;
			buildConfigurations = (
				709D84272193E0B600F7AE72 /* Debug */,
				709D84282193E0B600F7AE72 /* Release */,
			);
			defaultConfigurationIsVisible = 0;
			defaultConfigurationName = Release;
		};
		709D84292193E0B600F7AE72 /* Build configuration list for PBXNativeTarget "pick-up-tutoring" */ = {
			isa = XCConfigurationList;
			buildConfigurations = (
				709D842A2193E0B600F7AE72 /* Debug */,
				709D842B2193E0B600F7AE72 /* Release */,
			);
			defaultConfigurationIsVisible = 0;
			defaultConfigurationName = Release;
		};
/* End XCConfigurationList section */
	};
	rootObject = 709D840F2193E0B500F7AE72 /* Project object */;
}
